
Microsoft Visual Studio Solution File, Format Version 12.00
# Visual Studio Version 16
VisualStudioVersion = 16.0.28803.202
MinimumVisualStudioVersion = 10.0.40219.1
Project("{FAE04EC0-301F-11D3-BF4B-00C04F79EFBC}") = "PhyrmacyApp-C200", "PhyrmacyApp-C200\PhyrmacyApp-C200.csproj", "{BF8F4C67-FB03-4395-9AEC-286596992793}"
EndProject
Global
	GlobalSection(SolutionConfigurationPlatforms) = preSolution
		Debug|Any CPU = Debug|Any CPU
		Release|Any CPU = Release|Any CPU
	EndGlobalSection
	GlobalSection(ProjectConfigurationPlatforms) = postSolution
		{BF8F4C67-FB03-4395-9AEC-286596992793}.Debug|Any CPU.ActiveCfg = Debug|Any CPU
		{BF8F4C67-FB03-4395-9AEC-286596992793}.Debug|Any CPU.Build.0 = Debug|Any CPU
		{BF8F4C67-FB03-4395-9AEC-286596992793}.Release|Any CPU.ActiveCfg = Release|Any CPU
		{BF8F4C67-FB03-4395-9AEC-286596992793}.Release|Any CPU.Build.0 = Release|Any CPU
	EndGlobalSection
	GlobalSection(SolutionProperties) = preSolution
		HideSolutionNode = FALSE
	EndGlobalSection
	GlobalSection(ExtensibilityGlobals) = postSolution
		SolutionGuid = {37FDE510-E837-494B-87C9-1724C8873421}
	EndGlobalSection
EndGlobal
